{
  "version": 2,
  "dependencies": {
    "net9.0": {
      "CSharpier.MsBuild": {
        "type": "Direct",
        "requested": "[1.0.2, )",
        "resolved": "1.0.2",
        "contentHash": "Y98ba4yeefqrJY+MbCXhvb8x4/mCy8zHeuu/dYKwaM4p0Yu2LToI5ffTg/ErcpPuLnwJBNE229STdhf/dlikIw=="
      },
      "Microsoft.Extensions.TimeProvider.Testing": {
        "type": "Direct",
        "requested": "[9.5.0, )",
        "resolved": "9.5.0",
        "contentHash": "GeBc+Wnf97pUsOHaGQ5rnu55IboYCZweHTrf4YGzO3hPnbsYR18/igMUh5cr0keGW9U3yWuIP7UAO1mXd1prig=="
      },
      "Microsoft.NET.Test.Sdk": {
        "type": "Direct",
        "requested": "[17.14.1, )",
        "resolved": "17.14.1",
        "contentHash": "HJKqKOE+vshXra2aEHpi2TlxYX7Z9VFYkr+E5rwEvHC8eIXiyO+K9kNm8vmNom3e2rA56WqxU+/N9NJlLGXsJQ==",
        "dependencies": {
          "Microsoft.CodeCoverage": "17.14.1",
          "Microsoft.TestPlatform.TestHost": "17.14.1"
        }
      },
      "MSTest": {
        "type": "Direct",
        "requested": "[3.9.1, )",
        "resolved": "3.9.1",
        "contentHash": "t6A21yfe+ztRva3sKzNTTlGn6hGkjOGzljcvHbIJrw6NfduND9+uLRLqP7aDpH9yoBhNRWJSzEpyMnpeTxdzAw==",
        "dependencies": {
          "MSTest.Analyzers": "3.9.1",
          "MSTest.TestAdapter": "3.9.1",
          "MSTest.TestFramework": "3.9.1",
          "Microsoft.NET.Test.Sdk": "17.13.0",
          "Microsoft.Testing.Extensions.CodeCoverage": "17.14.2",
          "Microsoft.Testing.Extensions.TrxReport": "1.7.1"
        }
      },
      "Fido2.Models": {
        "type": "Transitive",
        "resolved": "3.0.1",
        "contentHash": "mgjcuGETuYSCUEaZG+jQeeuuEMkDLc4GDJHBvKDdOz6oSOWp5adPdWP4btZx7Pi+9fu4szN3JIjJmby67MaILw=="
      },
      "libsodium": {
        "type": "Transitive",
        "resolved": "1.0.18.2",
        "contentHash": "flArHoVdscSzyV8ZdPV+bqqY2TTFlaN+xZf/vIqsmHI51KVcD/mOdUPaK3n/k/wGKz8dppiktXUqSmf3AXFgig=="
      },
      "Microsoft.ApplicationInsights": {
        "type": "Transitive",
        "resolved": "2.23.0",
        "contentHash": "nWArUZTdU7iqZLycLKWe0TDms48KKGE6pONH2terYNa8REXiqixrMOkf1sk5DHGMaUTqONU2YkS4SAXBhLStgw==",
        "dependencies": {
          "System.Diagnostics.DiagnosticSource": "5.0.0"
        }
      },
      "Microsoft.Bcl.AsyncInterfaces": {
        "type": "Transitive",
        "resolved": "6.0.0",
        "contentHash": "UcSjPsst+DfAdJGVDsu346FX0ci0ah+lw3WRtn18NUwEqRt70HaOQ7lI72vy3+1LxtqI3T5GWwV39rQSrCzAeg=="
      },
      "Microsoft.CodeCoverage": {
        "type": "Transitive",
        "resolved": "17.14.1",
        "contentHash": "pmTrhfFIoplzFVbhVwUquT+77CbGH+h4/3mBpdmIlYtBi9nAB+kKI6dN3A/nV4DFi3wLLx/BlHIPK+MkbQ6Tpg=="
      },
      "Microsoft.CSharp": {
        "type": "Transitive",
        "resolved": "4.5.0",
        "contentHash": "kaj6Wb4qoMuH3HySFJhxwQfe8R/sJsNJnANrvv8WdFPMoNbKY5htfNscv+LHCu5ipz+49m2e+WQXpLXr9XYemQ=="
      },
      "Microsoft.DiaSymReader": {
        "type": "Transitive",
        "resolved": "2.0.0",
        "contentHash": "QcZrCETsBJqy/vQpFtJc+jSXQ0K5sucQ6NUFbTNVHD4vfZZOwjZ/3sBzczkC4DityhD3AVO/+K/+9ioLs1AgRA=="
      },
      "Microsoft.Extensions.DependencyInjection": {
        "type": "Transitive",
        "resolved": "6.0.0",
        "contentHash": "k6PWQMuoBDGGHOQTtyois2u4AwyVcIwL2LaSLlTZQm2CYcJ1pxbt6jfAnpWmzENA/wfrYRI/X9DTLoUkE4AsLw==",
        "dependencies": {
          "Microsoft.Extensions.DependencyInjection.Abstractions": "6.0.0",
          "System.Runtime.CompilerServices.Unsafe": "6.0.0"
        }
      },
      "Microsoft.Extensions.DependencyInjection.Abstractions": {
        "type": "Transitive",
        "resolved": "9.0.5",
        "contentHash": "cjnRtsEAzU73aN6W7vkWy8Phj5t3Xm78HSqgrbh/O4Q9SK/yN73wZVa21QQY6amSLQRQ/M8N+koGnY6PuvKQsw=="
      },
      "Microsoft.Extensions.DependencyModel": {
        "type": "Transitive",
        "resolved": "6.0.2",
        "contentHash": "HS5YsudCGSVoCVdsYJ5FAO9vx0z04qSAXgVzpDJSQ1/w/X9q8hrQVGU2p+Yfui+2KcXLL+Zjc0SX3yJWtBmYiw==",
        "dependencies": {
          "System.Buffers": "4.5.1",
          "System.Memory": "4.5.4",
          "System.Runtime.CompilerServices.Unsafe": "6.0.0",
          "System.Text.Encodings.Web": "6.0.1",
          "System.Text.Json": "6.0.11"
        }
      },
      "Microsoft.Extensions.Http": {
        "type": "Transitive",
        "resolved": "6.0.0",
        "contentHash": "15+pa2G0bAMHbHewaQIdr/y6ag2H3yh4rd9hTXavtWDzQBkvpe2RMqFg8BxDpcQWssmjmBApGPcw93QRz6YcMg==",
        "dependencies": {
          "Microsoft.Extensions.DependencyInjection.Abstractions": "6.0.0",
          "Microsoft.Extensions.Logging": "6.0.0",
          "Microsoft.Extensions.Logging.Abstractions": "6.0.0",
          "Microsoft.Extensions.Options": "6.0.0"
        }
      },
      "Microsoft.Extensions.Logging": {
        "type": "Transitive",
        "resolved": "6.0.0",
        "contentHash": "eIbyj40QDg1NDz0HBW0S5f3wrLVnKWnDJ/JtZ+yJDFnDj90VoPuoPmFkeaXrtu+0cKm5GRAwoDf+dBWXK0TUdg==",
        "dependencies": {
          "Microsoft.Extensions.DependencyInjection": "6.0.0",
          "Microsoft.Extensions.DependencyInjection.Abstractions": "6.0.0",
          "Microsoft.Extensions.Logging.Abstractions": "6.0.0",
          "Microsoft.Extensions.Options": "6.0.0",
          "System.Diagnostics.DiagnosticSource": "6.0.0"
        }
      },
      "Microsoft.Extensions.Primitives": {
        "type": "Transitive",
        "resolved": "6.0.0",
        "contentHash": "9+PnzmQFfEFNR9J2aDTfJGGupShHjOuGw4VUv+JB044biSHrnmCIMD+mJHmb2H7YryrfBEXDurxQ47gJZdCKNQ==",
        "dependencies": {
          "System.Runtime.CompilerServices.Unsafe": "6.0.0"
        }
      },
      "Microsoft.IdentityModel.JsonWebTokens": {
        "type": "Transitive",
        "resolved": "6.17.0",
        "contentHash": "I3cSVE185qF3a222/iQIdmBFhrhZBtz7wZ1RUUbMuHC1un79XCI7vggbWdmbqIttFcUoeziemadO6t+3FLjcSA==",
        "dependencies": {
          "Microsoft.IdentityModel.Tokens": "6.17.0"
        }
      },
      "Microsoft.IdentityModel.Logging": {
        "type": "Transitive",
        "resolved": "6.17.0",
        "contentHash": "Ix6/CMLDoo939NDf1ARDuGK6YERY7pAX9WYbfwb4gZqx7r52unMFIykJk+zlEBX7jjtbDz/0uzikQFvheV9KsQ=="
      },
      "Microsoft.IdentityModel.Tokens": {
        "type": "Transitive",
        "resolved": "6.17.0",
        "contentHash": "mhOe+d9BQg5U45TkTCyXAFOjl7RvwaFj6v9qo8b+WFolkuGsfjSFfQ+WI9D3ho9sD/fK75gvL4JptmjLzyUPkw==",
        "dependencies": {
          "Microsoft.CSharp": "4.5.0",
          "Microsoft.IdentityModel.Logging": "6.17.0",
          "System.Security.Cryptography.Cng": "4.5.0"
        }
      },
      "Microsoft.Testing.Extensions.CodeCoverage": {
        "type": "Transitive",
        "resolved": "17.14.2",
        "contentHash": "lCz1/FMGM8yf4UZh+yJL6ETvH78e7/NblWbK2/Lb6z02iiOtExea3hBQKX+vrq6vBo2o6ZCiYceOGq0t07PLkQ==",
        "dependencies": {
          "Microsoft.DiaSymReader": "2.0.0",
          "Microsoft.Extensions.DependencyModel": "6.0.2",
          "Microsoft.Testing.Platform": "1.6.2",
          "System.Reflection.Metadata": "8.0.0"
        }
      },
      "Microsoft.Testing.Extensions.Telemetry": {
        "type": "Transitive",
        "resolved": "1.7.1",
        "contentHash": "k3A85bTVUwOyDZEVNkQnF2QxBaSyeaN/3BFCCeqQM7xpsn31yE4XthHBxHKK29bR0a3UCFVNs11ei53W7/flRw==",
        "dependencies": {
          "Microsoft.ApplicationInsights": "2.23.0",
          "Microsoft.Testing.Platform": "1.7.1"
        }
      },
      "Microsoft.Testing.Extensions.TrxReport": {
        "type": "Transitive",
        "resolved": "1.7.1",
        "contentHash": "D7MDes5llbuN97ryAA5fXX7cHIpdbzCJt5GfT7VNyuos4iJcDSxpuxp0Lilr0bdul2rq6wxgax2rpfihIElIbw==",
        "dependencies": {
          "Microsoft.Testing.Extensions.TrxReport.Abstractions": "1.7.1",
          "Microsoft.Testing.Platform": "1.7.1"
        }
      },
      "Microsoft.Testing.Extensions.TrxReport.Abstractions": {
        "type": "Transitive",
        "resolved": "1.7.1",
        "contentHash": "nOveCYpJlbCjFzzv8SQjuFAjGPCDrnvD3pWV4QvhHtEio3ixwH1CHY+vKJwFoM05twqDmIFWcdT0QQF7ZwIuFg==",
        "dependencies": {
          "Microsoft.Testing.Platform": "1.7.1"
        }
      },
      "Microsoft.Testing.Extensions.VSTestBridge": {
        "type": "Transitive",
        "resolved": "1.7.1",
        "contentHash": "V/HKxhVbuHrspAF9UfJmI5a2WdgliAkTMJIIz0ie+Ber+BRBsSOps/6jzG7BvuttiJr1Q++DPbMzukDQ5HCLGw==",
        "dependencies": {
          "Microsoft.TestPlatform.AdapterUtilities": "17.13.0",
          "Microsoft.TestPlatform.ObjectModel": "17.13.0",
          "Microsoft.Testing.Extensions.Telemetry": "1.7.1",
          "Microsoft.Testing.Extensions.TrxReport.Abstractions": "1.7.1",
          "Microsoft.Testing.Platform": "1.7.1"
        }
      },
      "Microsoft.Testing.Platform": {
        "type": "Transitive",
        "resolved": "1.7.1",
        "contentHash": "3JTnSCETm2pduIwEchrbJj6HSpZ3UB5vMFDL1xKDZ3+vTsG0ANSv67IRu5gAgCUqIjwUudojH6NgjKPfJoHF/w=="
      },
      "Microsoft.Testing.Platform.MSBuild": {
        "type": "Transitive",
        "resolved": "1.7.1",
        "contentHash": "xaB2mfSwKO630XEPv8kyeoyBu6I0mkox1/RH88gNR9dVeQcrZJJXLMUDdqn7zKb0iZNw/zpDMj0sCYuvPqexVg==",
        "dependencies": {
          "Microsoft.Testing.Platform": "1.7.1"
        }
      },
      "Microsoft.TestPlatform.AdapterUtilities": {
        "type": "Transitive",
        "resolved": "17.13.0",
        "contentHash": "bFZ3uAhosdXjyXKURDQy37fPosCJQwedB5DG/SzsXL1QXsrfsIYty2kQMqCRRUqm8sBZBRHWRp4BT9SmpWXcKQ=="
      },
      "Microsoft.TestPlatform.ObjectModel": {
        "type": "Transitive",
        "resolved": "17.14.1",
        "contentHash": "xTP1W6Mi6SWmuxd3a+jj9G9UoC850WGwZUps1Wah9r1ZxgXhdJfj1QqDLJkFjHDCvN42qDL2Ps5KjQYWUU0zcQ==",
        "dependencies": {
          "System.Reflection.Metadata": "8.0.0"
        }
      },
      "Microsoft.TestPlatform.TestHost": {
        "type": "Transitive",
        "resolved": "17.14.1",
        "contentHash": "d78LPzGKkJwsJXAQwsbJJ7LE7D1wB+rAyhHHAaODF+RDSQ0NgMjDFkSA1Djw18VrxO76GlKAjRUhl+H8NL8Z+Q==",
        "dependencies": {
          "Microsoft.TestPlatform.ObjectModel": "17.14.1",
          "Newtonsoft.Json": "13.0.3"
        }
      },
      "MSTest.Analyzers": {
        "type": "Transitive",
        "resolved": "3.9.1",
        "contentHash": "q7DIC3IpH5uOReVPvc9AbHUU9BuijecP0/n4J7JWqSlXafkXofCtcY6cbfhNBdLqspep2liDH+W43LFEqUu9Qw=="
      },
      "MSTest.TestAdapter": {
        "type": "Transitive",
        "resolved": "3.9.1",
        "contentHash": "8WcUiZ28vHHU8ABVIFFZ9sZgmMcr7pg7YyAEOZ3XPaiqv4WZEybQsNIFFj+I1Z4R1pwbk42P2m2SfMByAVSBdw==",
        "dependencies": {
          "Microsoft.Testing.Extensions.VSTestBridge": "1.7.1",
          "Microsoft.Testing.Platform.MSBuild": "1.7.1"
        }
      },
      "MSTest.TestFramework": {
        "type": "Transitive",
        "resolved": "3.9.1",
        "contentHash": "qfcisTxYznujPUTmjIiezRxsCi3oLOAFSUBLQoo2g05nsZL/0ik0w9iy+92+ivS3cX7U1IGTacA13BtYYbdF7g==",
        "dependencies": {
          "MSTest.Analyzers": "3.9.1"
        }
      },
      "Newtonsoft.Json": {
        "type": "Transitive",
        "resolved": "13.0.3",
        "contentHash": "HrC5BXdl00IP9zeV+0Z848QWPAoCr9P3bDEZguI+gkLcBKAOxix/tLEAAHC+UvDNPv4a2d18lOReHMOagPa+zQ=="
      },
      "NSec.Cryptography": {
        "type": "Transitive",
        "resolved": "22.4.0",
        "contentHash": "lEntcPYd7h3aZ8xxi/y/4TML7o8w0GEGqd+w4L1omqFLbdCBmhxJAeO2YBmv/fXbJKgKCQLm7+TD4bR605PEUQ==",
        "dependencies": {
          "libsodium": "[1.0.18.2, 1.0.19)"
        }
      },
      "System.Buffers": {
        "type": "Transitive",
        "resolved": "4.5.1",
        "contentHash": "Rw7ijyl1qqRS0YQD/WycNst8hUUMgrMH4FCn1nNm27M4VxchZ1js3fVjQaANHO5f3sN4isvP4a+Met9Y4YomAg=="
      },
      "System.Collections.Immutable": {
        "type": "Transitive",
        "resolved": "8.0.0",
        "contentHash": "AurL6Y5BA1WotzlEvVaIDpqzpIPvYnnldxru8oXJU2yFxFUy3+pNXjXd1ymO+RA0rq0+590Q8gaz2l3Sr7fmqg=="
      },
      "System.Diagnostics.DiagnosticSource": {
        "type": "Transitive",
        "resolved": "6.0.0",
        "contentHash": "frQDfv0rl209cKm1lnwTgFPzNigy2EKk1BS3uAvHvlBVKe5cymGyHO+Sj+NLv5VF/AhHsqPIUUwya5oV4CHMUw==",
        "dependencies": {
          "System.Runtime.CompilerServices.Unsafe": "6.0.0"
        }
      },
      "System.Formats.Cbor": {
        "type": "Transitive",
        "resolved": "6.0.0",
        "contentHash": "mGaLOoiw7KurJagOOcIsWUoCT5ACIiGxKlCcbYQASefBGXjnCcKTq5Hdjb94eEAKg38zXKlHw4c6EjzgBl9dIw=="
      },
      "System.IdentityModel.Tokens.Jwt": {
        "type": "Transitive",
        "resolved": "6.17.0",
        "contentHash": "G3rY4WLr54Mo+97+AEq0ANpiKvW7E8Qu5bKWfVMa7rkyJtvrOxUqp/OLqrGw/6JDbD5GlxnAtFKukGteUuB0rQ==",
        "dependencies": {
          "Microsoft.IdentityModel.JsonWebTokens": "6.17.0",
          "Microsoft.IdentityModel.Tokens": "6.17.0"
        }
      },
      "System.Memory": {
        "type": "Transitive",
        "resolved": "4.5.4",
        "contentHash": "1MbJTHS1lZ4bS4FmsJjnuGJOu88ZzTT2rLvrhW7Ygic+pC0NWA+3hgAen0HRdsocuQXCkUTdFn9yHJJhsijDXw=="
      },
      "System.Reflection.Metadata": {
        "type": "Transitive",
        "resolved": "8.0.0",
        "contentHash": "ptvgrFh7PvWI8bcVqG5rsA/weWM09EnthFHR5SCnS6IN+P4mj6rE1lBDC4U8HL9/57htKAqy4KQ3bBj84cfYyQ==",
        "dependencies": {
          "System.Collections.Immutable": "8.0.0"
        }
      },
      "System.Runtime.CompilerServices.Unsafe": {
        "type": "Transitive",
        "resolved": "6.0.0",
        "contentHash": "/iUeP3tq1S0XdNNoMz5C9twLSrM/TH+qElHkXWaPvuNOt+99G75NrV0OS2EqHx5wMN7popYjpc8oTjC1y16DLg=="
      },
      "System.Security.Cryptography.Cng": {
        "type": "Transitive",
        "resolved": "4.5.0",
        "contentHash": "WG3r7EyjUe9CMPFSs6bty5doUqT+q9pbI80hlNzo2SkPkZ4VTuZkGWjpp77JB8+uaL4DFPRdBsAY+DX3dBK92A=="
      },
      "System.Text.Encodings.Web": {
        "type": "Transitive",
        "resolved": "6.0.1",
        "contentHash": "E5M5AE2OUTlCrf4omZvzzziUJO9CofBl+lXHaN5IKePPJvHqYFYYpaDPgCpR4VwaFbEebfnjOxxEBtPtsqAxpQ=="
      },
      "System.Text.Json": {
        "type": "Transitive",
        "resolved": "6.0.11",
        "contentHash": "xqC1HIbJMBFhrpYs76oYP+NAskNVjc6v73HqLal7ECRDPIp4oRU5pPavkD//vNactCn9DA2aaald/I5N+uZ5/g=="
      },
      "Split.Domain.Primitives": {
        "type": "Project"
      },
      "Split.Domain.Tests.TestCommon": {
        "type": "Project",
        "dependencies": {
          "Split.Domain.Transaction": "[1.0.0, )",
          "Split.Domain.User": "[1.0.0, )"
        }
      },
      "Split.Domain.Transaction": {
        "type": "Project",
        "dependencies": {
          "Mediator.Abstractions": "[3.0.0-preview.65, )",
          "Microsoft.Extensions.Logging.Abstractions": "[9.0.5, )",
          "Split.Domain.Primitives": "[1.0.0, )",
          "Split.Domain.User": "[1.0.0, )",
          "System.Linq.Async": "[6.0.1, )"
        }
      },
      "Split.Domain.User": {
        "type": "Project",
        "dependencies": {
          "Fido2": "[3.0.1, )",
          "Mediator.Abstractions": "[3.0.0-preview.65, )",
          "Microsoft.Extensions.Logging.Abstractions": "[9.0.5, )",
          "Split.Domain.Primitives": "[1.0.0, )",
          "System.Linq.Async": "[6.0.1, )"
        }
      },
      "Fido2": {
        "type": "CentralTransitive",
        "requested": "[3.0.1, )",
        "resolved": "3.0.1",
        "contentHash": "S0Bz1vfcKlO4Jase3AWp5XnQ746psf4oGx5kL+D2A10j1SsjoAOAIIpanSwfi0cEepDHgk1bClcOKY5TjOzGdA==",
        "dependencies": {
          "Fido2.Models": "3.0.1",
          "Microsoft.Extensions.Http": "6.0.0",
          "NSec.Cryptography": "22.4.0",
          "System.Formats.Cbor": "6.0.0",
          "System.IdentityModel.Tokens.Jwt": "6.17.0"
        }
      },
      "Mediator.Abstractions": {
        "type": "CentralTransitive",
        "requested": "[3.0.0-preview.65, )",
        "resolved": "3.0.0-preview.65",
        "contentHash": "SqmWbc0kbIFFBKuLJZPicJy8FXOAO9WtbnUYaa+HeeX5eyI500basAP7DqT/vbVyiNyJP2CoeBdpfLOD+ajkHQ==",
        "dependencies": {
          "Microsoft.Extensions.DependencyInjection.Abstractions": "8.0.0"
        }
      },
      "Microsoft.Extensions.Logging.Abstractions": {
        "type": "CentralTransitive",
        "requested": "[9.0.5, )",
        "resolved": "9.0.5",
        "contentHash": "pP1PADCrIxMYJXxFmTVbAgEU7GVpjK5i0/tyfU9DiE0oXQy3JWQaOVgCkrCiePLgS8b5sghM3Fau3EeHiVWbCg==",
        "dependencies": {
          "Microsoft.Extensions.DependencyInjection.Abstractions": "9.0.5"
        }
      },
      "Microsoft.Extensions.Options": {
        "type": "CentralTransitive",
        "requested": "[9.0.5, )",
        "resolved": "6.0.0",
        "contentHash": "dzXN0+V1AyjOe2xcJ86Qbo233KHuLEY0njf/P2Kw8SfJU+d45HNS2ctJdnEnrWbM9Ye2eFgaC5Mj9otRMU6IsQ==",
        "dependencies": {
          "Microsoft.Extensions.DependencyInjection.Abstractions": "6.0.0",
          "Microsoft.Extensions.Primitives": "6.0.0"
        }
      },
      "System.Linq.Async": {
        "type": "CentralTransitive",
        "requested": "[6.0.1, )",
        "resolved": "6.0.1",
        "contentHash": "0YhHcaroWpQ9UCot3Pizah7ryAzQhNvobLMSxeDIGmnXfkQn8u5owvpOH0K6EVB+z9L7u6Cc4W17Br/+jyttEQ==",
        "dependencies": {
          "Microsoft.Bcl.AsyncInterfaces": "6.0.0"
        }
      }
    }
  }
}